
Microsoft Visual Studio Solution File, Format Version 12.00
# Visual Studio Version 16
VisualStudioVersion = 16.0.31729.503
MinimumVisualStudioVersion = 10.0.40219.1
Project("{FAE04EC0-301F-11D3-BF4B-00C04F79EFBC}") = "13", "13\13.csproj", "{23EA3D23-6996-4F76-A7DB-1A916E73EC92}"
EndProject
Global
	GlobalSection(SolutionConfigurationPlatforms) = preSolution
		Debug|Any CPU = Debug|Any CPU
		Release|Any CPU = Release|Any CPU
	EndGlobalSection
	GlobalSection(ProjectConfigurationPlatforms) = postSolution
		{23EA3D23-6996-4F76-A7DB-1A916E73EC92}.Debug|Any CPU.ActiveCfg = Debug|Any CPU
		{23EA3D23-6996-4F76-A7DB-1A916E73EC92}.Debug|Any CPU.Build.0 = Debug|Any CPU
		{23EA3D23-6996-4F76-A7DB-1A916E73EC92}.Release|Any CPU.ActiveCfg = Release|Any CPU
		{23EA3D23-6996-4F76-A7DB-1A916E73EC92}.Release|Any CPU.Build.0 = Release|Any CPU
	EndGlobalSection
	GlobalSection(SolutionProperties) = preSolution
		HideSolutionNode = FALSE
	EndGlobalSection
	GlobalSection(ExtensibilityGlobals) = postSolution
		SolutionGuid = {483B2BB9-6211-4649-89C2-691B7924422F}
	EndGlobalSection
EndGlobal
